
Microsoft Visual Studio Solution File, Format Version 12.00
# Visual Studio Version 17
VisualStudioVersion = 17.14.36109.1 d17.14
MinimumVisualStudioVersion = 10.0.40219.1
Project("{FAE04EC0-301F-11D3-BF4B-00C04F79EFBC}") = "con-tech", "con-tech\con-tech.csproj", "{A2F85918-D613-471E-B453-7B3CC689F3E1}"
EndProject
Global
	GlobalSection(SolutionConfigurationPlatforms) = preSolution
		Debug|Any CPU = Debug|Any CPU
		Release|Any CPU = Release|Any CPU
	EndGlobalSection
	GlobalSection(ProjectConfigurationPlatforms) = postSolution
		{A2F85918-D613-471E-B453-7B3CC689F3E1}.Debug|Any CPU.ActiveCfg = Debug|Any CPU
		{A2F85918-D613-471E-B453-7B3CC689F3E1}.Debug|Any CPU.Build.0 = Debug|Any CPU
		{A2F85918-D613-471E-B453-7B3CC689F3E1}.Release|Any CPU.ActiveCfg = Release|Any CPU
		{A2F85918-D613-471E-B453-7B3CC689F3E1}.Release|Any CPU.Build.0 = Release|Any CPU
	EndGlobalSection
	GlobalSection(SolutionProperties) = preSolution
		HideSolutionNode = FALSE
	EndGlobalSection
	GlobalSection(ExtensibilityGlobals) = postSolution
		SolutionGuid = {AD016478-7660-4439-8B3C-E85B0AEC4668}
	EndGlobalSection
EndGlobal
