
Microsoft Visual Studio Solution File, Format Version 12.00
# Visual Studio Version 17
VisualStudioVersion = 17.14.36109.1
MinimumVisualStudioVersion = 10.0.40219.1
Project("{2150E333-8FDC-42A3-9474-1A3956D46DE8}") = "Data", "Data", "{02EA681E-C7D8-13C7-8484-4AC65E1B71E8}"
EndProject
Project("{FAE04EC0-301F-11D3-BF4B-00C04F79EFBC}") = "ConTech.Core", "ConTech.Core\ConTech.Core.csproj", "{6593810B-07C1-46C0-8D6C-1040E52E7544}"
EndProject
Project("{FAE04EC0-301F-11D3-BF4B-00C04F79EFBC}") = "ConTech.Migration", "ConTech.Migration\ConTech.Migration.csproj", "{523BD71A-837F-A281-C621-B0C2D3DF23A1}"
EndProject
Project("{FAE04EC0-301F-11D3-BF4B-00C04F79EFBC}") = "SK.Framework", "SK.Framework\SK.Framework.csproj", "{FD6B6B49-5D85-BBC4-5957-A11090DD3CDA}"
EndProject
Project("{FAE04EC0-301F-11D3-BF4B-00C04F79EFBC}") = "ConTech.Web", "ConTech.Web\ConTech.Web.csproj", "{8F00A029-8657-1C37-B91E-0A68249F9F8D}"
EndProject
Project("{FAE04EC0-301F-11D3-BF4B-00C04F79EFBC}") = "ConTech.Data.Read", "Data\Code\ConTech.Data.Read\ConTech.Data.Read.csproj", "{790F8F9E-A5D6-99C2-3116-1D2B799E3315}"
EndProject
Project("{FAE04EC0-301F-11D3-BF4B-00C04F79EFBC}") = "ConTech.Data.Read.Persistence", "Data\Code\ConTech.Data.Read.Persistence\ConTech.Data.Read.Persistence.csproj", "{81854E9F-FEC0-008C-F936-6CE9DEFCFD85}"
EndProject
Project("{FAE04EC0-301F-11D3-BF4B-00C04F79EFBC}") = "ConTech.Data", "Data\Code\DatabaseGeneric\ConTech.Data.csproj", "{E03E579A-BAB2-3E33-67D8-88DA9AF376DA}"
EndProject
Project("{FAE04EC0-301F-11D3-BF4B-00C04F79EFBC}") = "ConTech.DataDBSpecific", "Data\Code\DatabaseSpecific\ConTech.DataDBSpecific.csproj", "{0CC5D165-C71F-B5A9-8FDD-A993C1FDC222}"
EndProject
Global
	GlobalSection(SolutionConfigurationPlatforms) = preSolution
		Debug|Any CPU = Debug|Any CPU
		Release|Any CPU = Release|Any CPU
	EndGlobalSection
	GlobalSection(ProjectConfigurationPlatforms) = postSolution
		{6593810B-07C1-46C0-8D6C-1040E52E7544}.Debug|Any CPU.ActiveCfg = Debug|Any CPU
		{6593810B-07C1-46C0-8D6C-1040E52E7544}.Debug|Any CPU.Build.0 = Debug|Any CPU
		{6593810B-07C1-46C0-8D6C-1040E52E7544}.Release|Any CPU.ActiveCfg = Release|Any CPU
		{6593810B-07C1-46C0-8D6C-1040E52E7544}.Release|Any CPU.Build.0 = Release|Any CPU
		{523BD71A-837F-A281-C621-B0C2D3DF23A1}.Debug|Any CPU.ActiveCfg = Debug|Any CPU
		{523BD71A-837F-A281-C621-B0C2D3DF23A1}.Debug|Any CPU.Build.0 = Debug|Any CPU
		{523BD71A-837F-A281-C621-B0C2D3DF23A1}.Release|Any CPU.ActiveCfg = Release|Any CPU
		{523BD71A-837F-A281-C621-B0C2D3DF23A1}.Release|Any CPU.Build.0 = Release|Any CPU
		{FD6B6B49-5D85-BBC4-5957-A11090DD3CDA}.Debug|Any CPU.ActiveCfg = Debug|Any CPU
		{FD6B6B49-5D85-BBC4-5957-A11090DD3CDA}.Debug|Any CPU.Build.0 = Debug|Any CPU
		{FD6B6B49-5D85-BBC4-5957-A11090DD3CDA}.Release|Any CPU.ActiveCfg = Release|Any CPU
		{FD6B6B49-5D85-BBC4-5957-A11090DD3CDA}.Release|Any CPU.Build.0 = Release|Any CPU
		{8F00A029-8657-1C37-B91E-0A68249F9F8D}.Debug|Any CPU.ActiveCfg = Debug|Any CPU
		{8F00A029-8657-1C37-B91E-0A68249F9F8D}.Debug|Any CPU.Build.0 = Debug|Any CPU
		{8F00A029-8657-1C37-B91E-0A68249F9F8D}.Release|Any CPU.ActiveCfg = Release|Any CPU
		{8F00A029-8657-1C37-B91E-0A68249F9F8D}.Release|Any CPU.Build.0 = Release|Any CPU
		{790F8F9E-A5D6-99C2-3116-1D2B799E3315}.Debug|Any CPU.ActiveCfg = Debug|Any CPU
		{790F8F9E-A5D6-99C2-3116-1D2B799E3315}.Debug|Any CPU.Build.0 = Debug|Any CPU
		{790F8F9E-A5D6-99C2-3116-1D2B799E3315}.Release|Any CPU.ActiveCfg = Release|Any CPU
		{790F8F9E-A5D6-99C2-3116-1D2B799E3315}.Release|Any CPU.Build.0 = Release|Any CPU
		{81854E9F-FEC0-008C-F936-6CE9DEFCFD85}.Debug|Any CPU.ActiveCfg = Debug|Any CPU
		{81854E9F-FEC0-008C-F936-6CE9DEFCFD85}.Debug|Any CPU.Build.0 = Debug|Any CPU
		{81854E9F-FEC0-008C-F936-6CE9DEFCFD85}.Release|Any CPU.ActiveCfg = Release|Any CPU
		{81854E9F-FEC0-008C-F936-6CE9DEFCFD85}.Release|Any CPU.Build.0 = Release|Any CPU
		{E03E579A-BAB2-3E33-67D8-88DA9AF376DA}.Debug|Any CPU.ActiveCfg = Debug|Any CPU
		{E03E579A-BAB2-3E33-67D8-88DA9AF376DA}.Debug|Any CPU.Build.0 = Debug|Any CPU
		{E03E579A-BAB2-3E33-67D8-88DA9AF376DA}.Release|Any CPU.ActiveCfg = Release|Any CPU
		{E03E579A-BAB2-3E33-67D8-88DA9AF376DA}.Release|Any CPU.Build.0 = Release|Any CPU
		{0CC5D165-C71F-B5A9-8FDD-A993C1FDC222}.Debug|Any CPU.ActiveCfg = Debug|Any CPU
		{0CC5D165-C71F-B5A9-8FDD-A993C1FDC222}.Debug|Any CPU.Build.0 = Debug|Any CPU
		{0CC5D165-C71F-B5A9-8FDD-A993C1FDC222}.Release|Any CPU.ActiveCfg = Release|Any CPU
		{0CC5D165-C71F-B5A9-8FDD-A993C1FDC222}.Release|Any CPU.Build.0 = Release|Any CPU
	EndGlobalSection
	GlobalSection(SolutionProperties) = preSolution
		HideSolutionNode = FALSE
	EndGlobalSection
	GlobalSection(NestedProjects) = preSolution
		{523BD71A-837F-A281-C621-B0C2D3DF23A1} = {02EA681E-C7D8-13C7-8484-4AC65E1B71E8}
		{790F8F9E-A5D6-99C2-3116-1D2B799E3315} = {02EA681E-C7D8-13C7-8484-4AC65E1B71E8}
		{81854E9F-FEC0-008C-F936-6CE9DEFCFD85} = {02EA681E-C7D8-13C7-8484-4AC65E1B71E8}
		{E03E579A-BAB2-3E33-67D8-88DA9AF376DA} = {02EA681E-C7D8-13C7-8484-4AC65E1B71E8}
		{0CC5D165-C71F-B5A9-8FDD-A993C1FDC222} = {02EA681E-C7D8-13C7-8484-4AC65E1B71E8}
	EndGlobalSection
	GlobalSection(ExtensibilityGlobals) = postSolution
		SolutionGuid = {AD016478-7660-4439-8B3C-E85B0AEC4668}
	EndGlobalSection
EndGlobal
